# THIS IS AN AUTOGENERATED FILE. DO NOT EDIT THIS FILE DIRECTLY.
# yarn lockfile v1


bulma-extensions@^2.2.2:
  version "2.2.2"
  resolved "https://registry.yarnpkg.com/bulma-extensions/-/bulma-extensions-2.2.2.tgz#d46f11d1242a3fdc60a983afaea0b5e6c137362d"
  integrity sha512-6hV6SiRT7RZD5+scn/462Dz8RURRgxuvlCy+R5LH9U6FLn7Q/sInAA5VdK8c4DKpxZjfsipp72EAKM7yzgzRig==

bulma@^0.7.1:
  version "0.7.4"
  resolved "https://registry.yarnpkg.com/bulma/-/bulma-0.7.4.tgz#7e74512e9118d9799021339e67e365ee0ac4f3f9"
  integrity sha512-krG2rP6eAX1WE0sf6O0SC/FUVSOBX4m1PBC2+GKLpb2pX0qanaDqcv9U2nu75egFrsHkI0zdWYuk/oGwoszVWg==

bulmaswatch@^0.6.2:
  version "0.6.2"
  resolved "https://registry.yarnpkg.com/bulmaswatch/-/bulmaswatch-0.6.2.tgz#5d102b1986d5f48d7f45ff68354c5fe367dc1c76"
  integrity sha512-IMYjMqEnHQ1Yhtzkia3ojeFRvJr8DnLBiDMUuvLcGtJwyaAuZ8AQ4tT3TK21lcnt7cngeM3CKzBtkbQulWQI9w==

fork-awesome@^1.1.0:
  version "1.1.7"
  resolved "https://registry.yarnpkg.com/fork-awesome/-/fork-awesome-1.1.7.tgz#1427da1cac3d1713046ee88427e5fcecb9501d21"
  integrity sha512-IHI7XCSXrKfUIWslse8c/PaaVDT1oBaYge+ju40ihL2ooiQeBpTr4wvIXhgTd2NuhntlvX+M5jYHAPTzNlmv0g==

intercooler@^1.2.1:
  version "1.2.2"
  resolved "https://registry.yarnpkg.com/intercooler/-/intercooler-1.2.2.tgz#f2d79dcc22fbba4de6dbe782039545df65dbe680"
  integrity sha512-YpSnEWowbqunu06SCcVe7hC9zu8GkGM/ouk7B61T6CL33WgfH10wyVidFFX0rPtzLzMz1TG/vIzOeac5vrqRJA==

jquery@^3.3.1:
  version "3.4.0"
  resolved "https://registry.yarnpkg.com/jquery/-/jquery-3.4.0.tgz#8de513fa0fa4b2c7d2e48a530e26f0596936efdf"
  integrity sha512-ggRCXln9zEqv6OqAGXFEcshF5dSBvCkzj6Gm2gzuR5fWawaX8t7cxKVkkygKODrDAzKdoYw3l/e3pm3vlT4IbQ==

magnific-popup@^1.1.0:
  version "1.1.0"
  resolved "https://registry.yarnpkg.com/magnific-popup/-/magnific-popup-1.1.0.tgz#3e7362c5bd18f6785fe99e59d013e20af33d3049"
  integrity sha1-PnNixb0Y9nhf6Z5Z0BPiCvM9MEk=

mousetrap@^1.6.2:
  version "1.6.3"
  resolved "https://registry.yarnpkg.com/mousetrap/-/mousetrap-1.6.3.tgz#80fee49665fd478bccf072c9d46bdf1bfed3558a"
  integrity sha512-bd+nzwhhs9ifsUrC2tWaSgm24/oo2c83zaRyZQF06hYA6sANfsXHtnZ19AbbbDXCDzeH5nZBSQ4NvCjgD62tJA==
